Microsoft Visual Studio Solution File, Format Version 12.00
# Visual Studio 15
VisualStudioVersion = 15.0.26124.0
MinimumVisualStudioVersion = 15.0.26124.0
Project("{2150E333-8FDC-42A3-9474-1A3956D46DE8}") = "src", "src", "{7AAE9B4D-D359-4679-B94C-031B89D34C35}"
EndProject
Project("{FAE04EC0-301F-11D3-BF4B-00C04F79EFBC}") = "FaqChatbot", "src\FaqChatbot\FaqChatbot.csproj", "{DA425D28-1005-4816-9AF6-5446AC5B653A}"
EndProject
Project("{FAE04EC0-301F-11D3-BF4B-00C04F79EFBC}") = "FaqChatbot.Fake", "src\FaqChatbot.Fake\FaqChatbot.Fake.csproj", "{99DEF875-CD52-4FA5-B1CD-FEECD8EE2068}"
EndProject
Project("{FAE04EC0-301F-11D3-BF4B-00C04F79EFBC}") = "FaqChatbot.Lambda", "src\FaqChatbot.Lambda\FaqChatbot.Lambda.csproj", "{0DB9CA73-3FAD-4ABB-9F70-2D3658A5D4C4}"
EndProject
Project("{FAE04EC0-301F-11D3-BF4B-00C04F79EFBC}") = "FaqChatbot.Web", "src\FaqChatbot.Web\FaqChatbot.Web.csproj", "{C2F99145-1141-4FFC-8C50-0CB75A01E406}"
EndProject
Project("{FAE04EC0-301F-11D3-BF4B-00C04F79EFBC}") = "FaqChatbot.Cron", "src\FaqChatbot.Cron\FaqChatbot.Cron.csproj", "{AE5C4213-6DAF-49C5-BE77-EF49D2A9F7D1}"
EndProject
Project("{2150E333-8FDC-42A3-9474-1A3956D46DE8}") = "tests", "tests", "{FDACE08B-3FE0-4082-BA8B-87C737429061}"
EndProject
Project("{FAE04EC0-301F-11D3-BF4B-00C04F79EFBC}") = "ApiTests", "tests\ApiTests\ApiTests.csproj", "{9FC25765-A42A-44E9-A9F1-5A14627DE282}"
EndProject
Project("{FAE04EC0-301F-11D3-BF4B-00C04F79EFBC}") = "UnitTests", "tests\UnitTests\UnitTests.csproj", "{43113534-48B0-4AAE-8E62-438C9683223F}"
EndProject
Project("{FAE04EC0-301F-11D3-BF4B-00C04F79EFBC}") = "IntegrationTests", "tests\IntegrationTests\IntegrationTests.csproj", "{1E925068-F537-487F-98C0-78F00A448DDB}"
EndProject
Project("{2150E333-8FDC-42A3-9474-1A3956D46DE8}") = "Solution Items", "Solution Items", "{B887C94A-DB2B-4544-A134-BA9E0E053513}"
	ProjectSection(SolutionItems) = preProject
		Directory.Build.props = Directory.Build.props
		docker-compose.yml = docker-compose.yml
		Makefile = Makefile
		NuGet.config = NuGet.config
		plinth.yaml = plinth.yaml
		README.md = README.md
	EndProjectSection
EndProject
Project("{FAE04EC0-301F-11D3-BF4B-00C04F79EFBC}") = "FaqChatbot.Worker", "src\FaqChatbot.Worker\FaqChatbot.Worker.csproj", "{F8027687-B95D-4C37-8E1D-3C10B181F91C}"
EndProject
Global
	GlobalSection(SolutionConfigurationPlatforms) = preSolution
		Debug|Any CPU = Debug|Any CPU
		Debug|x64 = Debug|x64
		Debug|x86 = Debug|x86
		Release|Any CPU = Release|Any CPU
		Release|x64 = Release|x64
		Release|x86 = Release|x86
	EndGlobalSection
	GlobalSection(SolutionProperties) = preSolution
		HideSolutionNode = FALSE
	EndGlobalSection
	GlobalSection(ProjectConfigurationPlatforms) = postSolution
		{DA425D28-1005-4816-9AF6-5446AC5B653A}.Debug|Any CPU.ActiveCfg = Debug|Any CPU
		{DA425D28-1005-4816-9AF6-5446AC5B653A}.Debug|Any CPU.Build.0 = Debug|Any CPU
		{DA425D28-1005-4816-9AF6-5446AC5B653A}.Debug|x64.ActiveCfg = Debug|x64
		{DA425D28-1005-4816-9AF6-5446AC5B653A}.Debug|x64.Build.0 = Debug|x64
		{DA425D28-1005-4816-9AF6-5446AC5B653A}.Debug|x86.ActiveCfg = Debug|x86
		{DA425D28-1005-4816-9AF6-5446AC5B653A}.Debug|x86.Build.0 = Debug|x86
		{DA425D28-1005-4816-9AF6-5446AC5B653A}.Release|Any CPU.ActiveCfg = Release|Any CPU
		{DA425D28-1005-4816-9AF6-5446AC5B653A}.Release|Any CPU.Build.0 = Release|Any CPU
		{DA425D28-1005-4816-9AF6-5446AC5B653A}.Release|x64.ActiveCfg = Release|x64
		{DA425D28-1005-4816-9AF6-5446AC5B653A}.Release|x64.Build.0 = Release|x64
		{DA425D28-1005-4816-9AF6-5446AC5B653A}.Release|x86.ActiveCfg = Release|x86
		{DA425D28-1005-4816-9AF6-5446AC5B653A}.Release|x86.Build.0 = Release|x86
		{99DEF875-CD52-4FA5-B1CD-FEECD8EE2068}.Debug|Any CPU.ActiveCfg = Debug|Any CPU
		{99DEF875-CD52-4FA5-B1CD-FEECD8EE2068}.Debug|Any CPU.Build.0 = Debug|Any CPU
		{99DEF875-CD52-4FA5-B1CD-FEECD8EE2068}.Debug|x64.ActiveCfg = Debug|x64
		{99DEF875-CD52-4FA5-B1CD-FEECD8EE2068}.Debug|x64.Build.0 = Debug|x64
		{99DEF875-CD52-4FA5-B1CD-FEECD8EE2068}.Debug|x86.ActiveCfg = Debug|x86
		{99DEF875-CD52-4FA5-B1CD-FEECD8EE2068}.Debug|x86.Build.0 = Debug|x86
		{99DEF875-CD52-4FA5-B1CD-FEECD8EE2068}.Release|Any CPU.ActiveCfg = Release|Any CPU
		{99DEF875-CD52-4FA5-B1CD-FEECD8EE2068}.Release|Any CPU.Build.0 = Release|Any CPU
		{99DEF875-CD52-4FA5-B1CD-FEECD8EE2068}.Release|x64.ActiveCfg = Release|x64
		{99DEF875-CD52-4FA5-B1CD-FEECD8EE2068}.Release|x64.Build.0 = Release|x64
		{99DEF875-CD52-4FA5-B1CD-FEECD8EE2068}.Release|x86.ActiveCfg = Release|x86
		{99DEF875-CD52-4FA5-B1CD-FEECD8EE2068}.Release|x86.Build.0 = Release|x86
		{C2F99145-1141-4FFC-8C50-0CB75A01E406}.Debug|Any CPU.ActiveCfg = Debug|Any CPU
		{C2F99145-1141-4FFC-8C50-0CB75A01E406}.Debug|Any CPU.Build.0 = Debug|Any CPU
		{C2F99145-1141-4FFC-8C50-0CB75A01E406}.Debug|x64.ActiveCfg = Debug|x64
		{C2F99145-1141-4FFC-8C50-0CB75A01E406}.Debug|x64.Build.0 = Debug|x64
		{C2F99145-1141-4FFC-8C50-0CB75A01E406}.Debug|x86.ActiveCfg = Debug|x86
		{C2F99145-1141-4FFC-8C50-0CB75A01E406}.Debug|x86.Build.0 = Debug|x86
		{C2F99145-1141-4FFC-8C50-0CB75A01E406}.Release|Any CPU.ActiveCfg = Release|Any CPU
		{C2F99145-1141-4FFC-8C50-0CB75A01E406}.Release|Any CPU.Build.0 = Release|Any CPU
		{C2F99145-1141-4FFC-8C50-0CB75A01E406}.Release|x64.ActiveCfg = Release|x64
		{C2F99145-1141-4FFC-8C50-0CB75A01E406}.Release|x64.Build.0 = Release|x64
		{C2F99145-1141-4FFC-8C50-0CB75A01E406}.Release|x86.ActiveCfg = Release|x86
		{C2F99145-1141-4FFC-8C50-0CB75A01E406}.Release|x86.Build.0 = Release|x86
		{9FC25765-A42A-44E9-A9F1-5A14627DE282}.Debug|Any CPU.ActiveCfg = Debug|Any CPU
		{9FC25765-A42A-44E9-A9F1-5A14627DE282}.Debug|Any CPU.Build.0 = Debug|Any CPU
		{9FC25765-A42A-44E9-A9F1-5A14627DE282}.Debug|x64.ActiveCfg = Debug|x64
		{9FC25765-A42A-44E9-A9F1-5A14627DE282}.Debug|x64.Build.0 = Debug|x64
		{9FC25765-A42A-44E9-A9F1-5A14627DE282}.Debug|x86.ActiveCfg = Debug|x86
		{9FC25765-A42A-44E9-A9F1-5A14627DE282}.Debug|x86.Build.0 = Debug|x86
		{9FC25765-A42A-44E9-A9F1-5A14627DE282}.Release|Any CPU.ActiveCfg = Release|Any CPU
		{9FC25765-A42A-44E9-A9F1-5A14627DE282}.Release|Any CPU.Build.0 = Release|Any CPU
		{9FC25765-A42A-44E9-A9F1-5A14627DE282}.Release|x64.ActiveCfg = Release|x64
		{9FC25765-A42A-44E9-A9F1-5A14627DE282}.Release|x64.Build.0 = Release|x64
		{9FC25765-A42A-44E9-A9F1-5A14627DE282}.Release|x86.ActiveCfg = Release|x86
		{9FC25765-A42A-44E9-A9F1-5A14627DE282}.Release|x86.Build.0 = Release|x86
		{43113534-48B0-4AAE-8E62-438C9683223F}.Debug|Any CPU.ActiveCfg = Debug|Any CPU
		{43113534-48B0-4AAE-8E62-438C9683223F}.Debug|Any CPU.Build.0 = Debug|Any CPU
		{43113534-48B0-4AAE-8E62-438C9683223F}.Debug|x64.ActiveCfg = Debug|x64
		{43113534-48B0-4AAE-8E62-438C9683223F}.Debug|x64.Build.0 = Debug|x64
		{43113534-48B0-4AAE-8E62-438C9683223F}.Debug|x86.ActiveCfg = Debug|x86
		{43113534-48B0-4AAE-8E62-438C9683223F}.Debug|x86.Build.0 = Debug|x86
		{43113534-48B0-4AAE-8E62-438C9683223F}.Release|Any CPU.ActiveCfg = Release|Any CPU
		{43113534-48B0-4AAE-8E62-438C9683223F}.Release|Any CPU.Build.0 = Release|Any CPU
		{43113534-48B0-4AAE-8E62-438C9683223F}.Release|x64.ActiveCfg = Release|x64
		{43113534-48B0-4AAE-8E62-438C9683223F}.Release|x64.Build.0 = Release|x64
		{43113534-48B0-4AAE-8E62-438C9683223F}.Release|x86.ActiveCfg = Release|x86
		{43113534-48B0-4AAE-8E62-438C9683223F}.Release|x86.Build.0 = Release|x86
		{0DB9CA73-3FAD-4ABB-9F70-2D3658A5D4C4}.Debug|Any CPU.ActiveCfg = Debug|Any CPU
		{0DB9CA73-3FAD-4ABB-9F70-2D3658A5D4C4}.Debug|Any CPU.Build.0 = Debug|Any CPU
		{0DB9CA73-3FAD-4ABB-9F70-2D3658A5D4C4}.Debug|x64.ActiveCfg = Debug|Any CPU
		{0DB9CA73-3FAD-4ABB-9F70-2D3658A5D4C4}.Debug|x64.Build.0 = Debug|Any CPU
		{0DB9CA73-3FAD-4ABB-9F70-2D3658A5D4C4}.Debug|x86.ActiveCfg = Debug|Any CPU
		{0DB9CA73-3FAD-4ABB-9F70-2D3658A5D4C4}.Debug|x86.Build.0 = Debug|Any CPU
		{0DB9CA73-3FAD-4ABB-9F70-2D3658A5D4C4}.Release|Any CPU.ActiveCfg = Release|Any CPU
		{0DB9CA73-3FAD-4ABB-9F70-2D3658A5D4C4}.Release|Any CPU.Build.0 = Release|Any CPU
		{0DB9CA73-3FAD-4ABB-9F70-2D3658A5D4C4}.Release|x64.ActiveCfg = Release|Any CPU
		{0DB9CA73-3FAD-4ABB-9F70-2D3658A5D4C4}.Release|x64.Build.0 = Release|Any CPU
		{0DB9CA73-3FAD-4ABB-9F70-2D3658A5D4C4}.Release|x86.ActiveCfg = Release|Any CPU
		{0DB9CA73-3FAD-4ABB-9F70-2D3658A5D4C4}.Release|x86.Build.0 = Release|Any CPU
		{1E925068-F537-487F-98C0-78F00A448DDB}.Debug|Any CPU.ActiveCfg = Debug|Any CPU
		{1E925068-F537-487F-98C0-78F00A448DDB}.Debug|Any CPU.Build.0 = Debug|Any CPU
		{1E925068-F537-487F-98C0-78F00A448DDB}.Debug|x64.ActiveCfg = Debug|Any CPU
		{1E925068-F537-487F-98C0-78F00A448DDB}.Debug|x64.Build.0 = Debug|Any CPU
		{1E925068-F537-487F-98C0-78F00A448DDB}.Debug|x86.ActiveCfg = Debug|Any CPU
		{1E925068-F537-487F-98C0-78F00A448DDB}.Debug|x86.Build.0 = Debug|Any CPU
		{1E925068-F537-487F-98C0-78F00A448DDB}.Release|Any CPU.ActiveCfg = Release|Any CPU
		{1E925068-F537-487F-98C0-78F00A448DDB}.Release|Any CPU.Build.0 = Release|Any CPU
		{1E925068-F537-487F-98C0-78F00A448DDB}.Release|x64.ActiveCfg = Release|Any CPU
		{1E925068-F537-487F-98C0-78F00A448DDB}.Release|x64.Build.0 = Release|Any CPU
		{1E925068-F537-487F-98C0-78F00A448DDB}.Release|x86.ActiveCfg = Release|Any CPU
		{1E925068-F537-487F-98C0-78F00A448DDB}.Release|x86.Build.0 = Release|Any CPU
		{AE5C4213-6DAF-49C5-BE77-EF49D2A9F7D1}.Debug|Any CPU.ActiveCfg = Debug|Any CPU
		{AE5C4213-6DAF-49C5-BE77-EF49D2A9F7D1}.Debug|Any CPU.Build.0 = Debug|Any CPU
		{AE5C4213-6DAF-49C5-BE77-EF49D2A9F7D1}.Debug|x64.ActiveCfg = Debug|Any CPU
		{AE5C4213-6DAF-49C5-BE77-EF49D2A9F7D1}.Debug|x64.Build.0 = Debug|Any CPU
		{AE5C4213-6DAF-49C5-BE77-EF49D2A9F7D1}.Debug|x86.ActiveCfg = Debug|Any CPU
		{AE5C4213-6DAF-49C5-BE77-EF49D2A9F7D1}.Debug|x86.Build.0 = Debug|Any CPU
		{AE5C4213-6DAF-49C5-BE77-EF49D2A9F7D1}.Release|Any CPU.ActiveCfg = Release|Any CPU
		{AE5C4213-6DAF-49C5-BE77-EF49D2A9F7D1}.Release|Any CPU.Build.0 = Release|Any CPU
		{AE5C4213-6DAF-49C5-BE77-EF49D2A9F7D1}.Release|x64.ActiveCfg = Release|Any CPU
		{AE5C4213-6DAF-49C5-BE77-EF49D2A9F7D1}.Release|x64.Build.0 = Release|Any CPU
		{AE5C4213-6DAF-49C5-BE77-EF49D2A9F7D1}.Release|x86.ActiveCfg = Release|Any CPU
		{AE5C4213-6DAF-49C5-BE77-EF49D2A9F7D1}.Release|x86.Build.0 = Release|Any CPU
		{F8027687-B95D-4C37-8E1D-3C10B181F91C}.Debug|Any CPU.ActiveCfg = Debug|Any CPU
		{F8027687-B95D-4C37-8E1D-3C10B181F91C}.Debug|Any CPU.Build.0 = Debug|Any CPU
		{F8027687-B95D-4C37-8E1D-3C10B181F91C}.Debug|x64.ActiveCfg = Debug|Any CPU
		{F8027687-B95D-4C37-8E1D-3C10B181F91C}.Debug|x64.Build.0 = Debug|Any CPU
		{F8027687-B95D-4C37-8E1D-3C10B181F91C}.Debug|x86.ActiveCfg = Debug|Any CPU
		{F8027687-B95D-4C37-8E1D-3C10B181F91C}.Debug|x86.Build.0 = Debug|Any CPU
		{F8027687-B95D-4C37-8E1D-3C10B181F91C}.Release|Any CPU.ActiveCfg = Release|Any CPU
		{F8027687-B95D-4C37-8E1D-3C10B181F91C}.Release|Any CPU.Build.0 = Release|Any CPU
		{F8027687-B95D-4C37-8E1D-3C10B181F91C}.Release|x64.ActiveCfg = Release|Any CPU
		{F8027687-B95D-4C37-8E1D-3C10B181F91C}.Release|x64.Build.0 = Release|Any CPU
		{F8027687-B95D-4C37-8E1D-3C10B181F91C}.Release|x86.ActiveCfg = Release|Any CPU
		{F8027687-B95D-4C37-8E1D-3C10B181F91C}.Release|x86.Build.0 = Release|Any CPU
	EndGlobalSection
	GlobalSection(NestedProjects) = preSolution
		{DA425D28-1005-4816-9AF6-5446AC5B653A} = {7AAE9B4D-D359-4679-B94C-031B89D34C35}
		{99DEF875-CD52-4FA5-B1CD-FEECD8EE2068} = {7AAE9B4D-D359-4679-B94C-031B89D34C35}
		{C2F99145-1141-4FFC-8C50-0CB75A01E406} = {7AAE9B4D-D359-4679-B94C-031B89D34C35}
		{9FC25765-A42A-44E9-A9F1-5A14627DE282} = {FDACE08B-3FE0-4082-BA8B-87C737429061}
		{43113534-48B0-4AAE-8E62-438C9683223F} = {FDACE08B-3FE0-4082-BA8B-87C737429061}
		{0DB9CA73-3FAD-4ABB-9F70-2D3658A5D4C4} = {7AAE9B4D-D359-4679-B94C-031B89D34C35}
		{1E925068-F537-487F-98C0-78F00A448DDB} = {FDACE08B-3FE0-4082-BA8B-87C737429061}
		{AE5C4213-6DAF-49C5-BE77-EF49D2A9F7D1} = {7AAE9B4D-D359-4679-B94C-031B89D34C35}
		{F8027687-B95D-4C37-8E1D-3C10B181F91C} = {7AAE9B4D-D359-4679-B94C-031B89D34C35}
	EndGlobalSection
EndGlobal
